dependencies:
  idf:
    source:
      type: idf
    version: 6.0.1
  keemash_mesh_core:
    component_hash: 5966838fdcfe7d44e1aef8bd70b059f72e7f0efbf0958536e54796f94ed65eb3
    dependencies:
    - name: idf
      version: '>=6.0.1,<6.1'
    source:
      git: https://github.com/kennet-one/keemash_core.git
      path: .
      type: git
    version: 082e845be9b589e5e18b800bce87b663a0e88ce1
direct_dependencies:
- keemash_mesh_core
manifest_hash: 0fe24e914460b639c45d07d4d0ba81817257c3e51e90878b072b5d9aa3447c0f
target: esp32
version: 3.0.0
